
Microsoft Visual Studio Solution File, Format Version 12.00
# Visual Studio Version 17
VisualStudioVersion = 17.12.35521.163
MinimumVisualStudioVersion = 10.0.40219.1
Project("{FAE04EC0-301F-11D3-BF4B-00C04F79EFBC}") = "XClassificationScratch", "XClassificationScratch\XClassificationScratch.csproj", "{58A75E3B-81F7-45D7-BEBE-F96EC8129941}"
EndProject
Project("{FAE04EC0-301F-11D3-BF4B-00C04F79EFBC}") = "ClassificationAPI", "ClassificationAPI\ClassificationAPI.csproj", "{9B64A8A2-838D-437A-B4C8-2FD11749498E}"
EndProject
Project("{FAE04EC0-301F-11D3-BF4B-00C04F79EFBC}") = "PhotoFinder", "PhotoFinder\PhotoFinder.csproj", "{1DE5957B-C3CB-499F-81D9-9CD0DF934D38}"
EndProject
Project("{FAE04EC0-301F-11D3-BF4B-00C04F79EFBC}") = "ClassificationData", "ClassificationData\ClassificationData.csproj", "{7C26CDD7-FDB1-4613-9AD8-C2E5AA18524F}"
EndProject
Project("{2150E333-8FDC-42A3-9474-1A3956D46DE8}") = "Solution Items", "Solution Items", "{405C4C1C-61A0-479F-97E8-A8F760EC38DE}"
	ProjectSection(SolutionItems) = preProject
		LICENSE.txt = LICENSE.txt
		README.md = README.md
	EndProjectSection
EndProject
Project("{2150E333-8FDC-42A3-9474-1A3956D46DE8}") = "Screenshots", "Screenshots", "{5BE1B65D-034B-473B-853A-215B17FC1193}"
	ProjectSection(SolutionItems) = preProject
		Screenshots\PF_Classify.png = Screenshots\PF_Classify.png
		Screenshots\PF_Settings.png = Screenshots\PF_Settings.png
	EndProjectSection
EndProject
Global
	GlobalSection(SolutionConfigurationPlatforms) = preSolution
		Debug|Any CPU = Debug|Any CPU
		Release|Any CPU = Release|Any CPU
	EndGlobalSection
	GlobalSection(ProjectConfigurationPlatforms) = postSolution
		{58A75E3B-81F7-45D7-BEBE-F96EC8129941}.Debug|Any CPU.ActiveCfg = Debug|Any CPU
		{58A75E3B-81F7-45D7-BEBE-F96EC8129941}.Debug|Any CPU.Build.0 = Debug|Any CPU
		{58A75E3B-81F7-45D7-BEBE-F96EC8129941}.Release|Any CPU.ActiveCfg = Release|Any CPU
		{58A75E3B-81F7-45D7-BEBE-F96EC8129941}.Release|Any CPU.Build.0 = Release|Any CPU
		{9B64A8A2-838D-437A-B4C8-2FD11749498E}.Debug|Any CPU.ActiveCfg = Debug|Any CPU
		{9B64A8A2-838D-437A-B4C8-2FD11749498E}.Debug|Any CPU.Build.0 = Debug|Any CPU
		{9B64A8A2-838D-437A-B4C8-2FD11749498E}.Release|Any CPU.ActiveCfg = Release|Any CPU
		{9B64A8A2-838D-437A-B4C8-2FD11749498E}.Release|Any CPU.Build.0 = Release|Any CPU
		{1DE5957B-C3CB-499F-81D9-9CD0DF934D38}.Debug|Any CPU.ActiveCfg = Debug|Any CPU
		{1DE5957B-C3CB-499F-81D9-9CD0DF934D38}.Debug|Any CPU.Build.0 = Debug|Any CPU
		{1DE5957B-C3CB-499F-81D9-9CD0DF934D38}.Release|Any CPU.ActiveCfg = Release|Any CPU
		{1DE5957B-C3CB-499F-81D9-9CD0DF934D38}.Release|Any CPU.Build.0 = Release|Any CPU
		{7C26CDD7-FDB1-4613-9AD8-C2E5AA18524F}.Debug|Any CPU.ActiveCfg = Debug|Any CPU
		{7C26CDD7-FDB1-4613-9AD8-C2E5AA18524F}.Debug|Any CPU.Build.0 = Debug|Any CPU
		{7C26CDD7-FDB1-4613-9AD8-C2E5AA18524F}.Release|Any CPU.ActiveCfg = Release|Any CPU
		{7C26CDD7-FDB1-4613-9AD8-C2E5AA18524F}.Release|Any CPU.Build.0 = Release|Any CPU
	EndGlobalSection
	GlobalSection(SolutionProperties) = preSolution
		HideSolutionNode = FALSE
	EndGlobalSection
	GlobalSection(NestedProjects) = preSolution
		{5BE1B65D-034B-473B-853A-215B17FC1193} = {405C4C1C-61A0-479F-97E8-A8F760EC38DE}
	EndGlobalSection
EndGlobal
